
Microsoft Visual Studio Solution File, Format Version 12.00
# Visual Studio Version 17
VisualStudioVersion = 17.1.32414.318
MinimumVisualStudioVersion = 10.0.40219.1
Project("{FAE04EC0-301F-11D3-BF4B-00C04F79EFBC}") = "TollStations", "TollStations\TollStations.csproj", "{C00E8879-DE34-4C88-9FB0-467F0609EABC}"
EndProject
Global
	GlobalSection(SolutionConfigurationPlatforms) = preSolution
		Debug|Any CPU = Debug|Any CPU
		Release|Any CPU = Release|Any CPU
	EndGlobalSection
	GlobalSection(ProjectConfigurationPlatforms) = postSolution
		{C00E8879-DE34-4C88-9FB0-467F0609EABC}.Debug|Any CPU.ActiveCfg = Debug|Any CPU
		{C00E8879-DE34-4C88-9FB0-467F0609EABC}.Debug|Any CPU.Build.0 = Debug|Any CPU
		{C00E8879-DE34-4C88-9FB0-467F0609EABC}.Release|Any CPU.ActiveCfg = Release|Any CPU
		{C00E8879-DE34-4C88-9FB0-467F0609EABC}.Release|Any CPU.Build.0 = Release|Any CPU
	EndGlobalSection
	GlobalSection(SolutionProperties) = preSolution
		HideSolutionNode = FALSE
	EndGlobalSection
	GlobalSection(ExtensibilityGlobals) = postSolution
		SolutionGuid = {016EA973-4885-46C8-AD51-42606BF2F76C}
	EndGlobalSection
EndGlobal
